
Microsoft Visual Studio Solution File, Format Version 12.00
# Visual Studio Version 17
VisualStudioVersion = 17.9.34728.123
MinimumVisualStudioVersion = 10.0.40219.1
Project("{FAE04EC0-301F-11D3-BF4B-00C04F79EFBC}") = "CompanyManagementWeb", "CompanyManagementWeb\CompanyManagementWeb.csproj", "{4AFD474A-052C-442C-846D-1A983E202BB5}"
EndProject
Global
	GlobalSection(SolutionConfigurationPlatforms) = preSolution
		Debug|Any CPU = Debug|Any CPU
		Release|Any CPU = Release|Any CPU
	EndGlobalSection
	GlobalSection(ProjectConfigurationPlatforms) = postSolution
		{4AFD474A-052C-442C-846D-1A983E202BB5}.Debug|Any CPU.ActiveCfg = Debug|Any CPU
		{4AFD474A-052C-442C-846D-1A983E202BB5}.Debug|Any CPU.Build.0 = Debug|Any CPU
		{4AFD474A-052C-442C-846D-1A983E202BB5}.Release|Any CPU.ActiveCfg = Release|Any CPU
		{4AFD474A-052C-442C-846D-1A983E202BB5}.Release|Any CPU.Build.0 = Release|Any CPU
	EndGlobalSection
	GlobalSection(SolutionProperties) = preSolution
		HideSolutionNode = FALSE
	EndGlobalSection
	GlobalSection(ExtensibilityGlobals) = postSolution
		SolutionGuid = {DDF1060D-730B-4BDF-9DFF-C031AE8C5915}
	EndGlobalSection
EndGlobal
